
Microsoft Visual Studio Solution File, Format Version 12.00
# Visual Studio 15
VisualStudioVersion = 15.0.26124.0
MinimumVisualStudioVersion = 15.0.26124.0
Project("{9A19103F-16F7-4668-BE54-9A1E7A4F7556}") = "Poc.Messaging.RabbitMQ.Send", "Poc.Messaging.RabbitMQ.Send\Poc.Messaging.RabbitMQ.Send.csproj", "{B0CB679D-106F-4FEC-92D0-C2A5D327332B}"
EndProject
Project("{9A19103F-16F7-4668-BE54-9A1E7A4F7556}") = "Poc.Messaging.RabbitMQ.Receiver", "Poc.Messaging.RabbitMQ.Receiver\Poc.Messaging.RabbitMQ.Receiver.csproj", "{8256B1A3-D6D4-4959-9253-220F4987AD3F}"
EndProject
Global
	GlobalSection(SolutionConfigurationPlatforms) = preSolution
		Debug|Any CPU = Debug|Any CPU
		Debug|x64 = Debug|x64
		Debug|x86 = Debug|x86
		Release|Any CPU = Release|Any CPU
		Release|x64 = Release|x64
		Release|x86 = Release|x86
	EndGlobalSection
	GlobalSection(ProjectConfigurationPlatforms) = postSolution
		{B0CB679D-106F-4FEC-92D0-C2A5D327332B}.Debug|Any CPU.ActiveCfg = Debug|Any CPU
		{B0CB679D-106F-4FEC-92D0-C2A5D327332B}.Debug|Any CPU.Build.0 = Debug|Any CPU
		{B0CB679D-106F-4FEC-92D0-C2A5D327332B}.Debug|x64.ActiveCfg = Debug|Any CPU
		{B0CB679D-106F-4FEC-92D0-C2A5D327332B}.Debug|x64.Build.0 = Debug|Any CPU
		{B0CB679D-106F-4FEC-92D0-C2A5D327332B}.Debug|x86.ActiveCfg = Debug|Any CPU
		{B0CB679D-106F-4FEC-92D0-C2A5D327332B}.Debug|x86.Build.0 = Debug|Any CPU
		{B0CB679D-106F-4FEC-92D0-C2A5D327332B}.Release|Any CPU.ActiveCfg = Release|Any CPU
		{B0CB679D-106F-4FEC-92D0-C2A5D327332B}.Release|Any CPU.Build.0 = Release|Any CPU
		{B0CB679D-106F-4FEC-92D0-C2A5D327332B}.Release|x64.ActiveCfg = Release|Any CPU
		{B0CB679D-106F-4FEC-92D0-C2A5D327332B}.Release|x64.Build.0 = Release|Any CPU
		{B0CB679D-106F-4FEC-92D0-C2A5D327332B}.Release|x86.ActiveCfg = Release|Any CPU
		{B0CB679D-106F-4FEC-92D0-C2A5D327332B}.Release|x86.Build.0 = Release|Any CPU
		{8256B1A3-D6D4-4959-9253-220F4987AD3F}.Debug|Any CPU.ActiveCfg = Debug|Any CPU
		{8256B1A3-D6D4-4959-9253-220F4987AD3F}.Debug|Any CPU.Build.0 = Debug|Any CPU
		{8256B1A3-D6D4-4959-9253-220F4987AD3F}.Debug|x64.ActiveCfg = Debug|Any CPU
		{8256B1A3-D6D4-4959-9253-220F4987AD3F}.Debug|x64.Build.0 = Debug|Any CPU
		{8256B1A3-D6D4-4959-9253-220F4987AD3F}.Debug|x86.ActiveCfg = Debug|Any CPU
		{8256B1A3-D6D4-4959-9253-220F4987AD3F}.Debug|x86.Build.0 = Debug|Any CPU
		{8256B1A3-D6D4-4959-9253-220F4987AD3F}.Release|Any CPU.ActiveCfg = Release|Any CPU
		{8256B1A3-D6D4-4959-9253-220F4987AD3F}.Release|Any CPU.Build.0 = Release|Any CPU
		{8256B1A3-D6D4-4959-9253-220F4987AD3F}.Release|x64.ActiveCfg = Release|Any CPU
		{8256B1A3-D6D4-4959-9253-220F4987AD3F}.Release|x64.Build.0 = Release|Any CPU
		{8256B1A3-D6D4-4959-9253-220F4987AD3F}.Release|x86.ActiveCfg = Release|Any CPU
		{8256B1A3-D6D4-4959-9253-220F4987AD3F}.Release|x86.Build.0 = Release|Any CPU
	EndGlobalSection
	GlobalSection(SolutionProperties) = preSolution
		HideSolutionNode = FALSE
	EndGlobalSection
	GlobalSection(ExtensibilityGlobals) = postSolution
		SolutionGuid = {7A9B3B53-13BA-4E5A-B9BA-65115CF28C41}
	EndGlobalSection
EndGlobal
